
Microsoft Visual Studio Solution File, Format Version 12.00
# Visual Studio Version 17
VisualStudioVersion = 17.0.31903.59
MinimumVisualStudioVersion = 10.0.40219.1
Project("{FAE04EC0-301F-11D3-BF4B-00C04F79EFBC}") = "Jeux", "Jeux\Jeux.csproj", "{5AA0EDB0-B550-4D19-A3C6-6B4A09069765}"
EndProject
Global
	GlobalSection(SolutionConfigurationPlatforms) = preSolution
		Debug|Any CPU = Debug|Any CPU
		Release|Any CPU = Release|Any CPU
	EndGlobalSection
	GlobalSection(SolutionProperties) = preSolution
		HideSolutionNode = FALSE
	EndGlobalSection
	GlobalSection(ProjectConfigurationPlatforms) = postSolution
		{5AA0EDB0-B550-4D19-A3C6-6B4A09069765}.Debug|Any CPU.ActiveCfg = Debug|Any CPU
		{5AA0EDB0-B550-4D19-A3C6-6B4A09069765}.Debug|Any CPU.Build.0 = Debug|Any CPU
		{5AA0EDB0-B550-4D19-A3C6-6B4A09069765}.Release|Any CPU.ActiveCfg = Release|Any CPU
		{5AA0EDB0-B550-4D19-A3C6-6B4A09069765}.Release|Any CPU.Build.0 = Release|Any CPU
	EndGlobalSection
EndGlobal
